
Microsoft Visual Studio Solution File, Format Version 12.00
# Visual Studio Version 16
VisualStudioVersion = 16.0.30114.105
MinimumVisualStudioVersion = 10.0.40219.1
Project("{2150E333-8FDC-42A3-9474-1A3956D46DE8}") = "src", "src", "{A43E4A10-1AF7-441C-9B76-E915220D2C13}"
EndProject
Project("{FAE04EC0-301F-11D3-BF4B-00C04F79EFBC}") = "NoBullshit.Shared", "src\NoBullshit.Shared\NoBullshit.Shared.csproj", "{E93B5F41-6E63-4E6C-9B6C-373CB7123A43}"
EndProject
Project("{FAE04EC0-301F-11D3-BF4B-00C04F79EFBC}") = "NoBullshit.Client", "src\NoBullshit.Client\NoBullshit.Client.csproj", "{ED7FDCA2-0677-4EF7-BA6C-AB6FB616C9AF}"
EndProject
Project("{FAE04EC0-301F-11D3-BF4B-00C04F79EFBC}") = "NoBullshit.Cli", "src\NoBullshit.Cli\NoBullshit.Cli.csproj", "{22B3C383-9B4A-4DFA-B1E2-9983B6ED57C9}"
EndProject
Project("{FAE04EC0-301F-11D3-BF4B-00C04F79EFBC}") = "NoBullshit.Server", "src\NoBullshit.Server\NoBullshit.Server.csproj", "{F5393DD0-D513-4461-BB4D-4D03F258901E}"
EndProject
Global
	GlobalSection(SolutionConfigurationPlatforms) = preSolution
		Debug|Any CPU = Debug|Any CPU
		Release|Any CPU = Release|Any CPU
	EndGlobalSection
	GlobalSection(SolutionProperties) = preSolution
		HideSolutionNode = FALSE
	EndGlobalSection
	GlobalSection(ProjectConfigurationPlatforms) = postSolution
		{E93B5F41-6E63-4E6C-9B6C-373CB7123A43}.Debug|Any CPU.ActiveCfg = Debug|Any CPU
		{E93B5F41-6E63-4E6C-9B6C-373CB7123A43}.Debug|Any CPU.Build.0 = Debug|Any CPU
		{E93B5F41-6E63-4E6C-9B6C-373CB7123A43}.Release|Any CPU.ActiveCfg = Release|Any CPU
		{E93B5F41-6E63-4E6C-9B6C-373CB7123A43}.Release|Any CPU.Build.0 = Release|Any CPU
		{ED7FDCA2-0677-4EF7-BA6C-AB6FB616C9AF}.Debug|Any CPU.ActiveCfg = Debug|Any CPU
		{ED7FDCA2-0677-4EF7-BA6C-AB6FB616C9AF}.Debug|Any CPU.Build.0 = Debug|Any CPU
		{ED7FDCA2-0677-4EF7-BA6C-AB6FB616C9AF}.Release|Any CPU.ActiveCfg = Release|Any CPU
		{ED7FDCA2-0677-4EF7-BA6C-AB6FB616C9AF}.Release|Any CPU.Build.0 = Release|Any CPU
		{22B3C383-9B4A-4DFA-B1E2-9983B6ED57C9}.Debug|Any CPU.ActiveCfg = Debug|Any CPU
		{22B3C383-9B4A-4DFA-B1E2-9983B6ED57C9}.Debug|Any CPU.Build.0 = Debug|Any CPU
		{22B3C383-9B4A-4DFA-B1E2-9983B6ED57C9}.Release|Any CPU.ActiveCfg = Release|Any CPU
		{22B3C383-9B4A-4DFA-B1E2-9983B6ED57C9}.Release|Any CPU.Build.0 = Release|Any CPU
		{F5393DD0-D513-4461-BB4D-4D03F258901E}.Debug|Any CPU.ActiveCfg = Debug|Any CPU
		{F5393DD0-D513-4461-BB4D-4D03F258901E}.Debug|Any CPU.Build.0 = Debug|Any CPU
		{F5393DD0-D513-4461-BB4D-4D03F258901E}.Release|Any CPU.ActiveCfg = Release|Any CPU
		{F5393DD0-D513-4461-BB4D-4D03F258901E}.Release|Any CPU.Build.0 = Release|Any CPU
	EndGlobalSection
	GlobalSection(NestedProjects) = preSolution
		{E93B5F41-6E63-4E6C-9B6C-373CB7123A43} = {A43E4A10-1AF7-441C-9B76-E915220D2C13}
		{ED7FDCA2-0677-4EF7-BA6C-AB6FB616C9AF} = {A43E4A10-1AF7-441C-9B76-E915220D2C13}
		{22B3C383-9B4A-4DFA-B1E2-9983B6ED57C9} = {A43E4A10-1AF7-441C-9B76-E915220D2C13}
		{F5393DD0-D513-4461-BB4D-4D03F258901E} = {A43E4A10-1AF7-441C-9B76-E915220D2C13}
	EndGlobalSection
EndGlobal
